
Microsoft Visual Studio Solution File, Format Version 12.00
# Visual Studio Version 17
VisualStudioVersion = 17.8.34322.80
MinimumVisualStudioVersion = 10.0.40219.1
Project("{FAE04EC0-301F-11D3-BF4B-00C04F79EFBC}") = "RoomBookingApp.Core.Tests", "RoomBookingApp.Core.Tests\RoomBookingApp.Core.Tests.csproj", "{DB289E5F-2ACE-4A96-851F-D51B1A9CD2A5}"
EndProject
Project("{FAE04EC0-301F-11D3-BF4B-00C04F79EFBC}") = "RoomBookingApp.Core", "RoomBookingApp.Core\RoomBookingApp.Core.csproj", "{B04BD8FD-F241-4591-BDF8-FC4A559BF926}"
EndProject
Global
	GlobalSection(SolutionConfigurationPlatforms) = preSolution
		Debug|Any CPU = Debug|Any CPU
		Release|Any CPU = Release|Any CPU
	EndGlobalSection
	GlobalSection(ProjectConfigurationPlatforms) = postSolution
		{DB289E5F-2ACE-4A96-851F-D51B1A9CD2A5}.Debug|Any CPU.ActiveCfg = Debug|Any CPU
		{DB289E5F-2ACE-4A96-851F-D51B1A9CD2A5}.Debug|Any CPU.Build.0 = Debug|Any CPU
		{DB289E5F-2ACE-4A96-851F-D51B1A9CD2A5}.Release|Any CPU.ActiveCfg = Release|Any CPU
		{DB289E5F-2ACE-4A96-851F-D51B1A9CD2A5}.Release|Any CPU.Build.0 = Release|Any CPU
		{B04BD8FD-F241-4591-BDF8-FC4A559BF926}.Debug|Any CPU.ActiveCfg = Debug|Any CPU
		{B04BD8FD-F241-4591-BDF8-FC4A559BF926}.Debug|Any CPU.Build.0 = Debug|Any CPU
		{B04BD8FD-F241-4591-BDF8-FC4A559BF926}.Release|Any CPU.ActiveCfg = Release|Any CPU
		{B04BD8FD-F241-4591-BDF8-FC4A559BF926}.Release|Any CPU.Build.0 = Release|Any CPU
	EndGlobalSection
	GlobalSection(SolutionProperties) = preSolution
		HideSolutionNode = FALSE
	EndGlobalSection
	GlobalSection(ExtensibilityGlobals) = postSolution
		SolutionGuid = {1CE3E993-D316-4DAD-9A7B-BA20B23AF8B3}
	EndGlobalSection
EndGlobal
